// !$*UTF8*$!
{
	archiveVersion = 1;
	classes = {
	};
	objectVersion = 51;
	objects = {

/* Begin PBXBuildFile section */
		2CFBB776506C27B99644E58A /* Pods_Rick_MortyTests.framework in Frameworks */ = {isa = PBXBuildFile; fileRef = 32BBDD39AEE6828658B24DEF /* Pods_Rick_MortyTests.framework */; };
		501328D75DF1CD8607B7A2CE /* Pods_Rick_Morty_Rick_MortyUITests.framework in Frameworks */ = {isa = PBXBuildFile; fileRef = F1B1A9EE4B6E952C074446EB /* Pods_Rick_Morty_Rick_MortyUITests.framework */; };
		706BF81824D2D5F8008751B6 /* AppDelegate.swift in Sources */ = {isa = PBXBuildFile; fileRef = 706BF81724D2D5F8008751B6 /* AppDelegate.swift */; };
		706BF81A24D2D5F8008751B6 /* SceneDelegate.swift in Sources */ = {isa = PBXBuildFile; fileRef = 706BF81924D2D5F8008751B6 /* SceneDelegate.swift */; };
		706BF81C24D2D5F8008751B6 /* ViewController.swift in Sources */ = {isa = PBXBuildFile; fileRef = 706BF81B24D2D5F8008751B6 /* ViewController.swift */; };
		706BF81F24D2D5F8008751B6 /* Main.storyboard in Resources */ = {isa = PBXBuildFile; fileRef = 706BF81D24D2D5F8008751B6 /* Main.storyboard */; };
		706BF82224D2D5F8008751B6 /* Rick_Morty.xcdatamodeld in Sources */ = {isa = PBXBuildFile; fileRef = 706BF82024D2D5F8008751B6 /* Rick_Morty.xcdatamodeld */; };
		706BF82424D2D5F8008751B6 /* Assets.xcassets in Resources */ = {isa = PBXBuildFile; fileRef = 706BF82324D2D5F8008751B6 /* Assets.xcassets */; };
		706BF82724D2D5F8008751B6 /* LaunchScreen.storyboard in Resources */ = {isa = PBXBuildFile; fileRef = 706BF82524D2D5F8008751B6 /* LaunchScreen.storyboard */; };
		706BF83224D2D5F8008751B6 /* Rick_MortyTests.swift in Sources */ = {isa = PBXBuildFile; fileRef = 706BF83124D2D5F8008751B6 /* Rick_MortyTests.swift */; };
		706BF83D24D2D5F8008751B6 /* Rick_MortyUITests.swift in Sources */ = {isa = PBXBuildFile; fileRef = 706BF83C24D2D5F8008751B6 /* Rick_MortyUITests.swift */; };
		706BF85324D2E6FD008751B6 /* IRepository.swift in Sources */ = {isa = PBXBuildFile; fileRef = 706BF85224D2E6FD008751B6 /* IRepository.swift */; };
		706BF85624D2E72C008751B6 /* Character.swift in Sources */ = {isa = PBXBuildFile; fileRef = 706BF85524D2E72C008751B6 /* Character.swift */; };
		706BF85924D2E74A008751B6 /* Mapper.swift in Sources */ = {isa = PBXBuildFile; fileRef = 706BF85824D2E74A008751B6 /* Mapper.swift */; };
		706BF85C24D2E830008751B6 /* RepositoryImp.swift in Sources */ = {isa = PBXBuildFile; fileRef = 706BF85B24D2E830008751B6 /* RepositoryImp.swift */; };
		706BF85F24D2E851008751B6 /* IRemote.swift in Sources */ = {isa = PBXBuildFile; fileRef = 706BF85E24D2E851008751B6 /* IRemote.swift */; };
		706BF86124D2E85B008751B6 /* RemoteImp.swift in Sources */ = {isa = PBXBuildFile; fileRef = 706BF86024D2E85B008751B6 /* RemoteImp.swift */; };
		706BF86424D2ED7C008751B6 /* CharactersResponse.swift in Sources */ = {isa = PBXBuildFile; fileRef = 706BF86324D2ED7C008751B6 /* CharactersResponse.swift */; };
		706BF86724D2ED9C008751B6 /* CharacterMapper.swift in Sources */ = {isa = PBXBuildFile; fileRef = 706BF86624D2ED9C008751B6 /* CharacterMapper.swift */; };
		706BF86B24D30A72008751B6 /* types.swift in Sources */ = {isa = PBXBuildFile; fileRef = 706BF86A24D30A72008751B6 /* types.swift */; };
		706BF86D24D30D05008751B6 /* GetCharactersUseCase.swift in Sources */ = {isa = PBXBuildFile; fileRef = 706BF86C24D30D05008751B6 /* GetCharactersUseCase.swift */; };
		9A61385043201713725D5D1C /* Pods_Rick_Morty.framework in Frameworks */ = {isa = PBXBuildFile; fileRef = 60CA3D7EA6B2A4B7B2C0A496 /* Pods_Rick_Morty.framework */; };
/* End PBXBuildFile section */

/* Begin PBXContainerItemProxy section */
		706BF82E24D2D5F8008751B6 /* PBXContainerItemProxy */ = {
			isa = PBXContainerItemProxy;
			containerPortal = 706BF80C24D2D5F8008751B6 /* Project object */;
			proxyType = 1;
			remoteGlobalIDString = 706BF81324D2D5F8008751B6;
			remoteInfo = "Rick&Morty";
		};
		706BF83924D2D5F8008751B6 /* PBXContainerItemProxy */ = {
			isa = PBXContainerItemProxy;
			containerPortal = 706BF80C24D2D5F8008751B6 /* Project object */;
			proxyType = 1;
			remoteGlobalIDString = 706BF81324D2D5F8008751B6;
			remoteInfo = "Rick&Morty";
		};
/* End PBXContainerItemProxy section */

/* Begin PBXFileReference section */
		15A2CF0DD34DB0BB16E4F553 /* Pods-Rick&Morty-Rick&MortyUITests.release.xcconfig */ = {isa = PBXFileReference; includeInIndex = 1; lastKnownFileType = text.xcconfig; name = "Pods-Rick&Morty-Rick&MortyUITests.release.xcconfig"; path = "Target Support Files/Pods-Rick&Morty-Rick&MortyUITests/Pods-Rick&Morty-Rick&MortyUITests.release.xcconfig"; sourceTree = "<group>"; };
		32BBDD39AEE6828658B24DEF /* Pods_Rick_MortyTests.framework */ = {isa = PBXFileReference; explicitFileType = wrapper.framework; includeInIndex = 0; path = Pods_Rick_MortyTests.framework; sourceTree = BUILT_PRODUCTS_DIR; };
		60CA3D7EA6B2A4B7B2C0A496 /* Pods_Rick_Morty.framework */ = {isa = PBXFileReference; explicitFileType = wrapper.framework; includeInIndex = 0; path = Pods_Rick_Morty.framework; sourceTree = BUILT_PRODUCTS_DIR; };
		63132E037E357B37C2157D23 /* Pods-Rick&MortyTests.debug.xcconfig */ = {isa = PBXFileReference; includeInIndex = 1; lastKnownFileType = text.xcconfig; name = "Pods-Rick&MortyTests.debug.xcconfig"; path = "Target Support Files/Pods-Rick&MortyTests/Pods-Rick&MortyTests.debug.xcconfig"; sourceTree = "<group>"; };
		706BF81424D2D5F8008751B6 /* Rick&Morty.app */ = {isa = PBXFileReference; explicitFileType = wrapper.application; includeInIndex = 0; path = "Rick&Morty.app"; sourceTree = BUILT_PRODUCTS_DIR; };
		706BF81724D2D5F8008751B6 /* AppDelegate.swift */ = {isa = PBXFileReference; lastKnownFileType = sourcecode.swift; path = AppDelegate.swift; sourceTree = "<group>"; };
		706BF81924D2D5F8008751B6 /* SceneDelegate.swift */ = {isa = PBXFileReference; lastKnownFileType = sourcecode.swift; path = SceneDelegate.swift; sourceTree = "<group>"; };
		706BF81B24D2D5F8008751B6 /* ViewController.swift */ = {isa = PBXFileReference; lastKnownFileType = sourcecode.swift; path = ViewController.swift; sourceTree = "<group>"; };
		706BF81E24D2D5F8008751B6 /* Base */ = {isa = PBXFileReference; lastKnownFileType = file.storyboard; name = Base; path = Base.lproj/Main.storyboard; sourceTree = "<group>"; };
		706BF82124D2D5F8008751B6 /* Rick_Morty.xcdatamodel */ = {isa = PBXFileReference; lastKnownFileType = wrapper.xcdatamodel; path = Rick_Morty.xcdatamodel; sourceTree = "<group>"; };
		706BF82324D2D5F8008751B6 /* Assets.xcassets */ = {isa = PBXFileReference; lastKnownFileType = folder.assetcatalog; path = Assets.xcassets; sourceTree = "<group>"; };
		706BF82624D2D5F8008751B6 /* Base */ = {isa = PBXFileReference; lastKnownFileType = file.storyboard; name = Base; path = Base.lproj/LaunchScreen.storyboard; sourceTree = "<group>"; };
		706BF82824D2D5F8008751B6 /* Info.plist */ = {isa = PBXFileReference; lastKnownFileType = text.plist.xml; path = Info.plist; sourceTree = "<group>"; };
		706BF82D24D2D5F8008751B6 /* Rick&MortyTests.xctest */ = {isa = PBXFileReference; explicitFileType = wrapper.cfbundle; includeInIndex = 0; path = "Rick&MortyTests.xctest"; sourceTree = BUILT_PRODUCTS_DIR; };
		706BF83124D2D5F8008751B6 /* Rick_MortyTests.swift */ = {isa = PBXFileReference; lastKnownFileType = sourcecode.swift; path = Rick_MortyTests.swift; sourceTree = "<group>"; };
		706BF83324D2D5F8008751B6 /* Info.plist */ = {isa = PBXFileReference; lastKnownFileType = text.plist.xml; path = Info.plist; sourceTree = "<group>"; };
		706BF83824D2D5F8008751B6 /* Rick&MortyUITests.xctest */ = {isa = PBXFileReference; explicitFileType = wrapper.cfbundle; includeInIndex = 0; path = "Rick&MortyUITests.xctest"; sourceTree = BUILT_PRODUCTS_DIR; };
		706BF83C24D2D5F8008751B6 /* Rick_MortyUITests.swift */ = {isa = PBXFileReference; lastKnownFileType = sourcecode.swift; path = Rick_MortyUITests.swift; sourceTree = "<group>"; };
		706BF83E24D2D5F8008751B6 /* Info.plist */ = {isa = PBXFileReference; lastKnownFileType = text.plist.xml; path = Info.plist; sourceTree = "<group>"; };
		706BF85224D2E6FD008751B6 /* IRepository.swift */ = {isa = PBXFileReference; lastKnownFileType = sourcecode.swift; path = IRepository.swift; sourceTree = "<group>"; };
		706BF85524D2E72C008751B6 /* Character.swift */ = {isa = PBXFileReference; lastKnownFileType = sourcecode.swift; path = Character.swift; sourceTree = "<group>"; };
		706BF85824D2E74A008751B6 /* Mapper.swift */ = {isa = PBXFileReference; lastKnownFileType = sourcecode.swift; path = Mapper.swift; sourceTree = "<group>"; };
		706BF85B24D2E830008751B6 /* RepositoryImp.swift */ = {isa = PBXFileReference; lastKnownFileType = sourcecode.swift; path = RepositoryImp.swift; sourceTree = "<group>"; };
		706BF85E24D2E851008751B6 /* IRemote.swift */ = {isa = PBXFileReference; lastKnownFileType = sourcecode.swift; path = IRemote.swift; sourceTree = "<group>"; };
		706BF86024D2E85B008751B6 /* RemoteImp.swift */ = {isa = PBXFileReference; lastKnownFileType = sourcecode.swift; path = RemoteImp.swift; sourceTree = "<group>"; };
		706BF86324D2ED7C008751B6 /* CharactersResponse.swift */ = {isa = PBXFileReference; lastKnownFileType = sourcecode.swift; path = CharactersResponse.swift; sourceTree = "<group>"; };
		706BF86624D2ED9C008751B6 /* CharacterMapper.swift */ = {isa = PBXFileReference; lastKnownFileType = sourcecode.swift; path = CharacterMapper.swift; sourceTree = "<group>"; };
		706BF86A24D30A72008751B6 /* types.swift */ = {isa = PBXFileReference; lastKnownFileType = sourcecode.swift; path = types.swift; sourceTree = "<group>"; };
		706BF86C24D30D05008751B6 /* GetCharactersUseCase.swift */ = {isa = PBXFileReference; lastKnownFileType = sourcecode.swift; path = GetCharactersUseCase.swift; sourceTree = "<group>"; };
		9F3D9C7A8A202D6799B15288 /* Pods-Rick&Morty-Rick&MortyUITests.debug.xcconfig */ = {isa = PBXFileReference; includeInIndex = 1; lastKnownFileType = text.xcconfig; name = "Pods-Rick&Morty-Rick&MortyUITests.debug.xcconfig"; path = "Target Support Files/Pods-Rick&Morty-Rick&MortyUITests/Pods-Rick&Morty-Rick&MortyUITests.debug.xcconfig"; sourceTree = "<group>"; };
		E742320CC062FD68A8FB06F1 /* Pods-Rick&MortyTests.release.xcconfig */ = {isa = PBXFileReference; includeInIndex = 1; lastKnownFileType = text.xcconfig; name = "Pods-Rick&MortyTests.release.xcconfig"; path = "Target Support Files/Pods-Rick&MortyTests/Pods-Rick&MortyTests.release.xcconfig"; sourceTree = "<group>"; };
		F1B1A9EE4B6E952C074446EB /* Pods_Rick_Morty_Rick_MortyUITests.framework */ = {isa = PBXFileReference; explicitFileType = wrapper.framework; includeInIndex = 0; path = Pods_Rick_Morty_Rick_MortyUITests.framework; sourceTree = BUILT_PRODUCTS_DIR; };
		F75C2607AFC2BAB62BE3CF71 /* Pods-Rick&Morty.release.xcconfig */ = {isa = PBXFileReference; includeInIndex = 1; lastKnownFileType = text.xcconfig; name = "Pods-Rick&Morty.release.xcconfig"; path = "Target Support Files/Pods-Rick&Morty/Pods-Rick&Morty.release.xcconfig"; sourceTree = "<group>"; };
		FB2204EBE014BF8DA1ACF5F1 /* Pods-Rick&Morty.debug.xcconfig */ = {isa = PBXFileReference; includeInIndex = 1; lastKnownFileType = text.xcconfig; name = "Pods-Rick&Morty.debug.xcconfig"; path = "Target Support Files/Pods-Rick&Morty/Pods-Rick&Morty.debug.xcconfig"; sourceTree = "<group>"; };
/* End PBXFileReference section */

/* Begin PBXFrameworksBuildPhase section */
		706BF81124D2D5F8008751B6 /* Frameworks */ = {
			isa = PBXFrameworksBuildPhase;
			buildActionMask = 2147483647;
			files = (
				9A61385043201713725D5D1C /* Pods_Rick_Morty.framework in Frameworks */,
			);
			runOnlyForDeploymentPostprocessing = 0;
		};
		706BF82A24D2D5F8008751B6 /* Frameworks */ = {
			isa = PBXFrameworksBuildPhase;
			buildActionMask = 2147483647;
			files = (
				2CFBB776506C27B99644E58A /* Pods_Rick_MortyTests.framework in Frameworks */,
			);
			runOnlyForDeploymentPostprocessing = 0;
		};
		706BF83524D2D5F8008751B6 /* Frameworks */ = {
			isa = PBXFrameworksBuildPhase;
			buildActionMask = 2147483647;
			files = (
				501328D75DF1CD8607B7A2CE /* Pods_Rick_Morty_Rick_MortyUITests.framework in Frameworks */,
			);
			runOnlyForDeploymentPostprocessing = 0;
		};
/* End PBXFrameworksBuildPhase section */

/* Begin PBXGroup section */
		1AA3FD4564488979DE1E6EAD /* Pods */ = {
			isa = PBXGroup;
			children = (
				FB2204EBE014BF8DA1ACF5F1 /* Pods-Rick&Morty.debug.xcconfig */,
				F75C2607AFC2BAB62BE3CF71 /* Pods-Rick&Morty.release.xcconfig */,
				9F3D9C7A8A202D6799B15288 /* Pods-Rick&Morty-Rick&MortyUITests.debug.xcconfig */,
				15A2CF0DD34DB0BB16E4F553 /* Pods-Rick&Morty-Rick&MortyUITests.release.xcconfig */,
				63132E037E357B37C2157D23 /* Pods-Rick&MortyTests.debug.xcconfig */,
				E742320CC062FD68A8FB06F1 /* Pods-Rick&MortyTests.release.xcconfig */,
			);
			path = Pods;
			sourceTree = "<group>";
		};
		706BF80B24D2D5F8008751B6 = {
			isa = PBXGroup;
			children = (
				706BF81624D2D5F8008751B6 /* Rick&Morty */,
				706BF83024D2D5F8008751B6 /* Rick&MortyTests */,
				706BF83B24D2D5F8008751B6 /* Rick&MortyUITests */,
				706BF81524D2D5F8008751B6 /* Products */,
				1AA3FD4564488979DE1E6EAD /* Pods */,
				9D46BEBCCF5E071C48CA4C7B /* Frameworks */,
			);
			sourceTree = "<group>";
		};
		706BF81524D2D5F8008751B6 /* Products */ = {
			isa = PBXGroup;
			children = (
				706BF81424D2D5F8008751B6 /* Rick&Morty.app */,
				706BF82D24D2D5F8008751B6 /* Rick&MortyTests.xctest */,
				706BF83824D2D5F8008751B6 /* Rick&MortyUITests.xctest */,
			);
			name = Products;
			sourceTree = "<group>";
		};
		706BF81624D2D5F8008751B6 /* Rick&Morty */ = {
			isa = PBXGroup;
			children = (
				706BF85A24D2E80E008751B6 /* repository */,
				706BF85124D2E6EE008751B6 /* domain */,
				706BF81724D2D5F8008751B6 /* AppDelegate.swift */,
				706BF81924D2D5F8008751B6 /* SceneDelegate.swift */,
				706BF81B24D2D5F8008751B6 /* ViewController.swift */,
				706BF81D24D2D5F8008751B6 /* Main.storyboard */,
				706BF82324D2D5F8008751B6 /* Assets.xcassets */,
				706BF82524D2D5F8008751B6 /* LaunchScreen.storyboard */,
				706BF82824D2D5F8008751B6 /* Info.plist */,
				706BF82024D2D5F8008751B6 /* Rick_Morty.xcdatamodeld */,
			);
			path = "Rick&Morty";
			sourceTree = "<group>";
		};
		706BF83024D2D5F8008751B6 /* Rick&MortyTests */ = {
			isa = PBXGroup;
			children = (
				706BF83124D2D5F8008751B6 /* Rick_MortyTests.swift */,
				706BF83324D2D5F8008751B6 /* Info.plist */,
			);
			path = "Rick&MortyTests";
			sourceTree = "<group>";
		};
		706BF83B24D2D5F8008751B6 /* Rick&MortyUITests */ = {
			isa = PBXGroup;
			children = (
				706BF83C24D2D5F8008751B6 /* Rick_MortyUITests.swift */,
				706BF83E24D2D5F8008751B6 /* Info.plist */,
			);
			path = "Rick&MortyUITests";
			sourceTree = "<group>";
		};
		706BF85124D2E6EE008751B6 /* domain */ = {
			isa = PBXGroup;
			children = (
				706BF86824D3096B008751B6 /* interactors */,
				706BF85424D2E71B008751B6 /* model */,
				706BF85224D2E6FD008751B6 /* IRepository.swift */,
			);
			path = domain;
			sourceTree = "<group>";
		};
		706BF85424D2E71B008751B6 /* model */ = {
			isa = PBXGroup;
			children = (
				706BF85724D2E738008751B6 /* mapper */,
				706BF85524D2E72C008751B6 /* Character.swift */,
			);
			path = model;
			sourceTree = "<group>";
		};
		706BF85724D2E738008751B6 /* mapper */ = {
			isa = PBXGroup;
			children = (
				706BF85824D2E74A008751B6 /* Mapper.swift */,
			);
			path = mapper;
			sourceTree = "<group>";
		};
		706BF85A24D2E80E008751B6 /* repository */ = {
			isa = PBXGroup;
			children = (
				706BF85D24D2E841008751B6 /* remote */,
				706BF85B24D2E830008751B6 /* RepositoryImp.swift */,
			);
			path = repository;
			sourceTree = "<group>";
		};
		706BF85D24D2E841008751B6 /* remote */ = {
			isa = PBXGroup;
			children = (
				706BF86224D2ED68008751B6 /* model */,
				706BF85E24D2E851008751B6 /* IRemote.swift */,
				706BF86024D2E85B008751B6 /* RemoteImp.swift */,
			);
			path = remote;
			sourceTree = "<group>";
		};
		706BF86224D2ED68008751B6 /* model */ = {
			isa = PBXGroup;
			children = (
				706BF86524D2ED8A008751B6 /* mapper */,
				706BF86324D2ED7C008751B6 /* CharactersResponse.swift */,
			);
			path = model;
			sourceTree = "<group>";
		};
		706BF86524D2ED8A008751B6 /* mapper */ = {
			isa = PBXGroup;
			children = (
				706BF86624D2ED9C008751B6 /* CharacterMapper.swift */,
			);
			path = mapper;
			sourceTree = "<group>";
		};
		706BF86824D3096B008751B6 /* interactors */ = {
			isa = PBXGroup;
			children = (
				706BF86A24D30A72008751B6 /* types.swift */,
				706BF86C24D30D05008751B6 /* GetCharactersUseCase.swift */,
			);
			path = interactors;
			sourceTree = "<group>";
		};
		9D46BEBCCF5E071C48CA4C7B /* Frameworks */ = {
			isa = PBXGroup;
			children = (
				60CA3D7EA6B2A4B7B2C0A496 /* Pods_Rick_Morty.framework */,
				F1B1A9EE4B6E952C074446EB /* Pods_Rick_Morty_Rick_MortyUITests.framework */,
				32BBDD39AEE6828658B24DEF /* Pods_Rick_MortyTests.framework */,
			);
			name = Frameworks;
			sourceTree = "<group>";
		};
/* End PBXGroup section */

/* Begin PBXNativeTarget section */
		706BF81324D2D5F8008751B6 /* Rick&Morty */ = {
			isa = PBXNativeTarget;
			buildConfigurationList = 706BF84124D2D5F8008751B6 /* Build configuration list for PBXNativeTarget "Rick&Morty" */;
			buildPhases = (
				FB672ABA778AEE7E78AEFC29 /* [CP] Check Pods Manifest.lock */,
				706BF81024D2D5F8008751B6 /* Sources */,
				706BF81124D2D5F8008751B6 /* Frameworks */,
				706BF81224D2D5F8008751B6 /* Resources */,
				37945D6D5B681D993654532A /* [CP] Embed Pods Frameworks */,
			);
			buildRules = (
			);
			dependencies = (
			);
			name = "Rick&Morty";
			productName = "Rick&Morty";
			productReference = 706BF81424D2D5F8008751B6 /* Rick&Morty.app */;
			productType = "com.apple.product-type.application";
		};
		706BF82C24D2D5F8008751B6 /* Rick&MortyTests */ = {
			isa = PBXNativeTarget;
			buildConfigurationList = 706BF84424D2D5F8008751B6 /* Build configuration list for PBXNativeTarget "Rick&MortyTests" */;
			buildPhases = (
				FFFE99B471920133687BAC8C /* [CP] Check Pods Manifest.lock */,
				706BF82924D2D5F8008751B6 /* Sources */,
				706BF82A24D2D5F8008751B6 /* Frameworks */,
				706BF82B24D2D5F8008751B6 /* Resources */,
			);
			buildRules = (
			);
			dependencies = (
				706BF82F24D2D5F8008751B6 /* PBXTargetDependency */,
			);
			name = "Rick&MortyTests";
			productName = "Rick&MortyTests";
			productReference = 706BF82D24D2D5F8008751B6 /* Rick&MortyTests.xctest */;
			productType = "com.apple.product-type.bundle.unit-test";
		};
		706BF83724D2D5F8008751B6 /* Rick&MortyUITests */ = {
			isa = PBXNativeTarget;
			buildConfigurationList = 706BF84724D2D5F8008751B6 /* Build configuration list for PBXNativeTarget "Rick&MortyUITests" */;
			buildPhases = (
				82FC1757AF8FD1C000F07520 /* [CP] Check Pods Manifest.lock */,
				706BF83424D2D5F8008751B6 /* Sources */,
				706BF83524D2D5F8008751B6 /* Frameworks */,
				706BF83624D2D5F8008751B6 /* Resources */,
				0D23B41276C28BEC9C42AF6D /* [CP] Embed Pods Frameworks */,
			);
			buildRules = (
			);
			dependencies = (
				706BF83A24D2D5F8008751B6 /* PBXTargetDependency */,
			);
			name = "Rick&MortyUITests";
			productName = "Rick&MortyUITests";
			productReference = 706BF83824D2D5F8008751B6 /* Rick&MortyUITests.xctest */;
			productType = "com.apple.product-type.bundle.ui-testing";
		};
/* End PBXNativeTarget section */

/* Begin PBXProject section */
		706BF80C24D2D5F8008751B6 /* Project object */ = {
			isa = PBXProject;
			attributes = {
				LastSwiftUpdateCheck = 1160;
				LastUpgradeCheck = 1160;
				ORGANIZATIONNAME = "Daniel Ávila Domingo";
				TargetAttributes = {
					706BF81324D2D5F8008751B6 = {
						CreatedOnToolsVersion = 11.6;
					};
					706BF82C24D2D5F8008751B6 = {
						CreatedOnToolsVersion = 11.6;
						TestTargetID = 706BF81324D2D5F8008751B6;
					};
					706BF83724D2D5F8008751B6 = {
						CreatedOnToolsVersion = 11.6;
						TestTargetID = 706BF81324D2D5F8008751B6;
					};
				};
			};
			buildConfigurationList = 706BF80F24D2D5F8008751B6 /* Build configuration list for PBXProject "Rick&Morty" */;
			compatibilityVersion = "Xcode 9.3";
			developmentRegion = en;
			hasScannedForEncodings = 0;
			knownRegions = (
				en,
				Base,
			);
			mainGroup = 706BF80B24D2D5F8008751B6;
			productRefGroup = 706BF81524D2D5F8008751B6 /* Products */;
			projectDirPath = "";
			projectRoot = "";
			targets = (
				706BF81324D2D5F8008751B6 /* Rick&Morty */,
				706BF82C24D2D5F8008751B6 /* Rick&MortyTests */,
				706BF83724D2D5F8008751B6 /* Rick&MortyUITests */,
			);
		};
/* End PBXProject section */

/* Begin PBXResourcesBuildPhase section */
		706BF81224D2D5F8008751B6 /* Resources */ = {
			isa = PBXResourcesBuildPhase;
			buildActionMask = 2147483647;
			files = (
				706BF82724D2D5F8008751B6 /* LaunchScreen.storyboard in Resources */,
				706BF82424D2D5F8008751B6 /* Assets.xcassets in Resources */,
				706BF81F24D2D5F8008751B6 /* Main.storyboard in Resources */,
			);
			runOnlyForDeploymentPostprocessing = 0;
		};
		706BF82B24D2D5F8008751B6 /* Resources */ = {
			isa = PBXResourcesBuildPhase;
			buildActionMask = 2147483647;
			files = (
			);
			runOnlyForDeploymentPostprocessing = 0;
		};
		706BF83624D2D5F8008751B6 /* Resources */ = {
			isa = PBXResourcesBuildPhase;
			buildActionMask = 2147483647;
			files = (
			);
			runOnlyForDeploymentPostprocessing = 0;
		};
/* End PBXResourcesBuildPhase section */

/* Begin PBXShellScriptBuildPhase section */
		0D23B41276C28BEC9C42AF6D /* [CP] Embed Pods Frameworks */ = {
			isa = PBXShellScriptBuildPhase;
			buildActionMask = 2147483647;
			files = (
			);
			inputFileListPaths = (
				"${PODS_ROOT}/Target Support Files/Pods-Rick&Morty-Rick&MortyUITests/Pods-Rick&Morty-Rick&MortyUITests-frameworks-${CONFIGURATION}-input-files.xcfilelist",
			);
			name = "[CP] Embed Pods Frameworks";
			outputFileListPaths = (
				"${PODS_ROOT}/Target Support Files/Pods-Rick&Morty-Rick&MortyUITests/Pods-Rick&Morty-Rick&MortyUITests-frameworks-${CONFIGURATION}-output-files.xcfilelist",
			);
			runOnlyForDeploymentPostprocessing = 0;
			shellPath = /bin/sh;
			shellScript = "\"${PODS_ROOT}/Target Support Files/Pods-Rick&Morty-Rick&MortyUITests/Pods-Rick&Morty-Rick&MortyUITests-frameworks.sh\"\n";
			showEnvVarsInLog = 0;
		};
		37945D6D5B681D993654532A /* [CP] Embed Pods Frameworks */ = {
			isa = PBXShellScriptBuildPhase;
			buildActionMask = 2147483647;
			files = (
			);
			inputFileListPaths = (
				"${PODS_ROOT}/Target Support Files/Pods-Rick&Morty/Pods-Rick&Morty-frameworks-${CONFIGURATION}-input-files.xcfilelist",
			);
			name = "[CP] Embed Pods Frameworks";
			outputFileListPaths = (
				"${PODS_ROOT}/Target Support Files/Pods-Rick&Morty/Pods-Rick&Morty-frameworks-${CONFIGURATION}-output-files.xcfilelist",
			);
			runOnlyForDeploymentPostprocessing = 0;
			shellPath = /bin/sh;
			shellScript = "\"${PODS_ROOT}/Target Support Files/Pods-Rick&Morty/Pods-Rick&Morty-frameworks.sh\"\n";
			showEnvVarsInLog = 0;
		};
		82FC1757AF8FD1C000F07520 /* [CP] Check Pods Manifest.lock */ = {
			isa = PBXShellScriptBuildPhase;
			buildActionMask = 2147483647;
			files = (
			);
			inputFileListPaths = (
			);
			inputPaths = (
				"${PODS_PODFILE_DIR_PATH}/Podfile.lock",
				"${PODS_ROOT}/Manifest.lock",
			);
			name = "[CP] Check Pods Manifest.lock";
			outputFileListPaths = (
			);
			outputPaths = (
				"$(DERIVED_FILE_DIR)/Pods-Rick&Morty-Rick&MortyUITests-checkManifestLockResult.txt",
			);
			runOnlyForDeploymentPostprocessing = 0;
			shellPath = /bin/sh;
			shellScript = "diff \"${PODS_PODFILE_DIR_PATH}/Podfile.lock\" \"${PODS_ROOT}/Manifest.lock\" > /dev/null\nif [ $? != 0 ] ; then\n    # print error to STDERR\n    echo \"error: The sandbox is not in sync with the Podfile.lock. Run 'pod install' or update your CocoaPods installation.\" >&2\n    exit 1\nfi\n# This output is used by Xcode 'outputs' to avoid re-running this script phase.\necho \"SUCCESS\" > \"${SCRIPT_OUTPUT_FILE_0}\"\n";
			showEnvVarsInLog = 0;
		};
		FB672ABA778AEE7E78AEFC29 /* [CP] Check Pods Manifest.lock */ = {
			isa = PBXShellScriptBuildPhase;
			buildActionMask = 2147483647;
			files = (
			);
			inputFileListPaths = (
			);
			inputPaths = (
				"${PODS_PODFILE_DIR_PATH}/Podfile.lock",
				"${PODS_ROOT}/Manifest.lock",
			);
			name = "[CP] Check Pods Manifest.lock";
			outputFileListPaths = (
			);
			outputPaths = (
				"$(DERIVED_FILE_DIR)/Pods-Rick&Morty-checkManifestLockResult.txt",
			);
			runOnlyForDeploymentPostprocessing = 0;
			shellPath = /bin/sh;
			shellScript = "diff \"${PODS_PODFILE_DIR_PATH}/Podfile.lock\" \"${PODS_ROOT}/Manifest.lock\" > /dev/null\nif [ $? != 0 ] ; then\n    # print error to STDERR\n    echo \"error: The sandbox is not in sync with the Podfile.lock. Run 'pod install' or update your CocoaPods installation.\" >&2\n    exit 1\nfi\n# This output is used by Xcode 'outputs' to avoid re-running this script phase.\necho \"SUCCESS\" > \"${SCRIPT_OUTPUT_FILE_0}\"\n";
			showEnvVarsInLog = 0;
		};
		FFFE99B471920133687BAC8C /* [CP] Check Pods Manifest.lock */ = {
			isa = PBXShellScriptBuildPhase;
			buildActionMask = 2147483647;
			files = (
			);
			inputFileListPaths = (
			);
			inputPaths = (
				"${PODS_PODFILE_DIR_PATH}/Podfile.lock",
				"${PODS_ROOT}/Manifest.lock",
			);
			name = "[CP] Check Pods Manifest.lock";
			outputFileListPaths = (
			);
			outputPaths = (
				"$(DERIVED_FILE_DIR)/Pods-Rick&MortyTests-checkManifestLockResult.txt",
			);
			runOnlyForDeploymentPostprocessing = 0;
			shellPath = /bin/sh;
			shellScript = "diff \"${PODS_PODFILE_DIR_PATH}/Podfile.lock\" \"${PODS_ROOT}/Manifest.lock\" > /dev/null\nif [ $? != 0 ] ; then\n    # print error to STDERR\n    echo \"error: The sandbox is not in sync with the Podfile.lock. Run 'pod install' or update your CocoaPods installation.\" >&2\n    exit 1\nfi\n# This output is used by Xcode 'outputs' to avoid re-running this script phase.\necho \"SUCCESS\" > \"${SCRIPT_OUTPUT_FILE_0}\"\n";
			showEnvVarsInLog = 0;
		};
/* End PBXShellScriptBuildPhase section */

/* Begin PBXSourcesBuildPhase section */
		706BF81024D2D5F8008751B6 /* Sources */ = {
			isa = PBXSourcesBuildPhase;
			buildActionMask = 2147483647;
			files = (
				706BF81C24D2D5F8008751B6 /* ViewController.swift in Sources */,
				706BF81824D2D5F8008751B6 /* AppDelegate.swift in Sources */,
				706BF85924D2E74A008751B6 /* Mapper.swift in Sources */,
				706BF82224D2D5F8008751B6 /* Rick_Morty.xcdatamodeld in Sources */,
				706BF86124D2E85B008751B6 /* RemoteImp.swift in Sources */,
				706BF85C24D2E830008751B6 /* RepositoryImp.swift in Sources */,
				706BF86B24D30A72008751B6 /* types.swift in Sources */,
				706BF86724D2ED9C008751B6 /* CharacterMapper.swift in Sources */,
				706BF85624D2E72C008751B6 /* Character.swift in Sources */,
				706BF86424D2ED7C008751B6 /* CharactersResponse.swift in Sources */,
				706BF85F24D2E851008751B6 /* IRemote.swift in Sources */,
				706BF81A24D2D5F8008751B6 /* SceneDelegate.swift in Sources */,
				706BF86D24D30D05008751B6 /* GetCharactersUseCase.swift in Sources */,
				706BF85324D2E6FD008751B6 /* IRepository.swift in Sources */,
			);
			runOnlyForDeploymentPostprocessing = 0;
		};
		706BF82924D2D5F8008751B6 /* Sources */ = {
			isa = PBXSourcesBuildPhase;
			buildActionMask = 2147483647;
			files = (
				706BF83224D2D5F8008751B6 /* Rick_MortyTests.swift in Sources */,
			);
			runOnlyForDeploymentPostprocessing = 0;
		};
		706BF83424D2D5F8008751B6 /* Sources */ = {
			isa = PBXSourcesBuildPhase;
			buildActionMask = 2147483647;
			files = (
				706BF83D24D2D5F8008751B6 /* Rick_MortyUITests.swift in Sources */,
			);
			runOnlyForDeploymentPostprocessing = 0;
		};
/* End PBXSourcesBuildPhase section */

/* Begin PBXTargetDependency section */
		706BF82F24D2D5F8008751B6 /* PBXTargetDependency */ = {
			isa = PBXTargetDependency;
			target = 706BF81324D2D5F8008751B6 /* Rick&Morty */;
			targetProxy = 706BF82E24D2D5F8008751B6 /* PBXContainerItemProxy */;
		};
		706BF83A24D2D5F8008751B6 /* PBXTargetDependency */ = {
			isa = PBXTargetDependency;
			target = 706BF81324D2D5F8008751B6 /* Rick&Morty */;
			targetProxy = 706BF83924D2D5F8008751B6 /* PBXContainerItemProxy */;
		};
/* End PBXTargetDependency section */

/* Begin PBXVariantGroup section */
		706BF81D24D2D5F8008751B6 /* Main.storyboard */ = {
			isa = PBXVariantGroup;
			children = (
				706BF81E24D2D5F8008751B6 /* Base */,
			);
			name = Main.storyboard;
			sourceTree = "<group>";
		};
		706BF82524D2D5F8008751B6 /* LaunchScreen.storyboard */ = {
			isa = PBXVariantGroup;
			children = (
				706BF82624D2D5F8008751B6 /* Base */,
			);
			name = LaunchScreen.storyboard;
			sourceTree = "<group>";
		};
/* End PBXVariantGroup section */

/* Begin XCBuildConfiguration section */
		706BF83F24D2D5F8008751B6 /* Debug */ = {
			isa = XCBuildConfiguration;
			buildSettings = {
				ALWAYS_SEARCH_USER_PATHS = NO;
				CLANG_ANALYZER_NONNULL = YES;
				CLANG_ANALYZER_NUMBER_OBJECT_CONVERSION = YES_AGGRESSIVE;
				CLANG_CXX_LANGUAGE_STANDARD = "gnu++14";
				CLANG_CXX_LIBRARY = "libc++";
				CLANG_ENABLE_MODULES = YES;
				CLANG_ENABLE_OBJC_ARC = YES;
				CLANG_ENABLE_OBJC_WEAK = YES;
				CLANG_WARN_BLOCK_CAPTURE_AUTORELEASING = YES;
				CLANG_WARN_BOOL_CONVERSION = YES;
				CLANG_WARN_COMMA = YES;
				CLANG_WARN_CONSTANT_CONVERSION = YES;
				CLANG_WARN_DEPRECATED_OBJC_IMPLEMENTATIONS = YES;
				CLANG_WARN_DIRECT_OBJC_ISA_USAGE = YES_ERROR;
				CLANG_WARN_DOCUMENTATION_COMMENTS = YES;
				CLANG_WARN_EMPTY_BODY = YES;
				CLANG_WARN_ENUM_CONVERSION = YES;
				CLANG_WARN_INFINITE_RECURSION = YES;
				CLANG_WARN_INT_CONVERSION = YES;
				CLANG_WARN_NON_LITERAL_NULL_CONVERSION = YES;
				CLANG_WARN_OBJC_IMPLICIT_RETAIN_SELF = YES;
				CLANG_WARN_OBJC_LITERAL_CONVERSION = YES;
				CLANG_WARN_OBJC_ROOT_CLASS = YES_ERROR;
				CLANG_WARN_RANGE_LOOP_ANALYSIS = YES;
				CLANG_WARN_STRICT_PROTOTYPES = YES;
				CLANG_WARN_SUSPICIOUS_MOVE = YES;
				CLANG_WARN_UNGUARDED_AVAILABILITY = YES_AGGRESSIVE;
				CLANG_WARN_UNREACHABLE_CODE = YES;
				CLANG_WARN__DUPLICATE_METHOD_MATCH = YES;
				COPY_PHASE_STRIP = NO;
				DEBUG_INFORMATION_FORMAT = dwarf;
				ENABLE_STRICT_OBJC_MSGSEND = YES;
				ENABLE_TESTABILITY = YES;
				GCC_C_LANGUAGE_STANDARD = gnu11;
				GCC_DYNAMIC_NO_PIC = NO;
				GCC_NO_COMMON_BLOCKS = YES;
				GCC_OPTIMIZATION_LEVEL = 0;
				GCC_PREPROCESSOR_DEFINITIONS = (
					"DEBUG=1",
					"$(inherited)",
				);
				GCC_WARN_64_TO_32_BIT_CONVERSION = YES;
				GCC_WARN_ABOUT_RETURN_TYPE = YES_ERROR;
				GCC_WARN_UNDECLARED_SELECTOR = YES;
				GCC_WARN_UNINITIALIZED_AUTOS = YES_AGGRESSIVE;
				GCC_WARN_UNUSED_FUNCTION = YES;
				GCC_WARN_UNUSED_VARIABLE = YES;
				IPHONEOS_DEPLOYMENT_TARGET = 13.6;
				MTL_ENABLE_DEBUG_INFO = INCLUDE_SOURCE;
				MTL_FAST_MATH = YES;
				ONLY_ACTIVE_ARCH = YES;
				SDKROOT = iphoneos;
				SWIFT_ACTIVE_COMPILATION_CONDITIONS = DEBUG;
				SWIFT_OPTIMIZATION_LEVEL = "-Onone";
			};
			name = Debug;
		};
		706BF84024D2D5F8008751B6 /* Release */ = {
			isa = XCBuildConfiguration;
			buildSettings = {
				ALWAYS_SEARCH_USER_PATHS = NO;
				CLANG_ANALYZER_NONNULL = YES;
				CLANG_ANALYZER_NUMBER_OBJECT_CONVERSION = YES_AGGRESSIVE;
				CLANG_CXX_LANGUAGE_STANDARD = "gnu++14";
				CLANG_CXX_LIBRARY = "libc++";
				CLANG_ENABLE_MODULES = YES;
				CLANG_ENABLE_OBJC_ARC = YES;
				CLANG_ENABLE_OBJC_WEAK = YES;
				CLANG_WARN_BLOCK_CAPTURE_AUTORELEASING = YES;
				CLANG_WARN_BOOL_CONVERSION = YES;
				CLANG_WARN_COMMA = YES;
				CLANG_WARN_CONSTANT_CONVERSION = YES;
				CLANG_WARN_DEPRECATED_OBJC_IMPLEMENTATIONS = YES;
				CLANG_WARN_DIRECT_OBJC_ISA_USAGE = YES_ERROR;
				CLANG_WARN_DOCUMENTATION_COMMENTS = YES;
				CLANG_WARN_EMPTY_BODY = YES;
				CLANG_WARN_ENUM_CONVERSION = YES;
				CLANG_WARN_INFINITE_RECURSION = YES;
				CLANG_WARN_INT_CONVERSION = YES;
				CLANG_WARN_NON_LITERAL_NULL_CONVERSION = YES;
				CLANG_WARN_OBJC_IMPLICIT_RETAIN_SELF = YES;
				CLANG_WARN_OBJC_LITERAL_CONVERSION = YES;
				CLANG_WARN_OBJC_ROOT_CLASS = YES_ERROR;
				CLANG_WARN_RANGE_LOOP_ANALYSIS = YES;
				CLANG_WARN_STRICT_PROTOTYPES = YES;
				CLANG_WARN_SUSPICIOUS_MOVE = YES;
				CLANG_WARN_UNGUARDED_AVAILABILITY = YES_AGGRESSIVE;
				CLANG_WARN_UNREACHABLE_CODE = YES;
				CLANG_WARN__DUPLICATE_METHOD_MATCH = YES;
				COPY_PHASE_STRIP = NO;
				DEBUG_INFORMATION_FORMAT = "dwarf-with-dsym";
				ENABLE_NS_ASSERTIONS = NO;
				ENABLE_STRICT_OBJC_MSGSEND = YES;
				GCC_C_LANGUAGE_STANDARD = gnu11;
				GCC_NO_COMMON_BLOCKS = YES;
				GCC_WARN_64_TO_32_BIT_CONVERSION = YES;
				GCC_WARN_ABOUT_RETURN_TYPE = YES_ERROR;
				GCC_WARN_UNDECLARED_SELECTOR = YES;
				GCC_WARN_UNINITIALIZED_AUTOS = YES_AGGRESSIVE;
				GCC_WARN_UNUSED_FUNCTION = YES;
				GCC_WARN_UNUSED_VARIABLE = YES;
				IPHONEOS_DEPLOYMENT_TARGET = 13.6;
				MTL_ENABLE_DEBUG_INFO = NO;
				MTL_FAST_MATH = YES;
				SDKROOT = iphoneos;
				SWIFT_COMPILATION_MODE = wholemodule;
				SWIFT_OPTIMIZATION_LEVEL = "-O";
				VALIDATE_PRODUCT = YES;
			};
			name = Release;
		};
		706BF84224D2D5F8008751B6 /* Debug */ = {
			isa = XCBuildConfiguration;
			baseConfigurationReference = FB2204EBE014BF8DA1ACF5F1 /* Pods-Rick&Morty.debug.xcconfig */;
			buildSettings = {
				ASSETCATALOG_COMPILER_APPICON_NAME = AppIcon;
				CODE_SIGN_STYLE = Automatic;
				INFOPLIST_FILE = "Rick&Morty/Info.plist";
				LD_RUNPATH_SEARCH_PATHS = (
					"$(inherited)",
					"@executable_path/Frameworks",
				);
				PRODUCT_BUNDLE_IDENTIFIER = "daniel.avila.Rick-Morty";
				PRODUCT_NAME = "$(TARGET_NAME)";
				SWIFT_VERSION = 5.0;
				TARGETED_DEVICE_FAMILY = "1,2";
			};
			name = Debug;
		};
		706BF84324D2D5F8008751B6 /* Release */ = {
			isa = XCBuildConfiguration;
			baseConfigurationReference = F75C2607AFC2BAB62BE3CF71 /* Pods-Rick&Morty.release.xcconfig */;
			buildSettings = {
				ASSETCATALOG_COMPILER_APPICON_NAME = AppIcon;
				CODE_SIGN_STYLE = Automatic;
				INFOPLIST_FILE = "Rick&Morty/Info.plist";
				LD_RUNPATH_SEARCH_PATHS = (
					"$(inherited)",
					"@executable_path/Frameworks",
				);
				PRODUCT_BUNDLE_IDENTIFIER = "daniel.avila.Rick-Morty";
				PRODUCT_NAME = "$(TARGET_NAME)";
				SWIFT_VERSION = 5.0;
				TARGETED_DEVICE_FAMILY = "1,2";
			};
			name = Release;
		};
		706BF84524D2D5F8008751B6 /* Debug */ = {
			isa = XCBuildConfiguration;
			baseConfigurationReference = 63132E037E357B37C2157D23 /* Pods-Rick&MortyTests.debug.xcconfig */;
			buildSettings = {
				ALWAYS_EMBED_SWIFT_STANDARD_LIBRARIES = YES;
				BUNDLE_LOADER = "$(TEST_HOST)";
				CODE_SIGN_STYLE = Automatic;
				INFOPLIST_FILE = "Rick&MortyTests/Info.plist";
				IPHONEOS_DEPLOYMENT_TARGET = 13.6;
				LD_RUNPATH_SEARCH_PATHS = (
					"$(inherited)",
					"@executable_path/Frameworks",
					"@loader_path/Frameworks",
				);
				PRODUCT_BUNDLE_IDENTIFIER = "daniel.avila.Rick-MortyTests";
				PRODUCT_NAME = "$(TARGET_NAME)";
				SWIFT_VERSION = 5.0;
				TARGETED_DEVICE_FAMILY = "1,2";
				TEST_HOST = "$(BUILT_PRODUCTS_DIR)/Rick&Morty.app/Rick&Morty";
			};
			name = Debug;
		};
		706BF84624D2D5F8008751B6 /* Release */ = {
			isa = XCBuildConfiguration;
			baseConfigurationReference = E742320CC062FD68A8FB06F1 /* Pods-Rick&MortyTests.release.xcconfig */;
			buildSettings = {
				ALWAYS_EMBED_SWIFT_STANDARD_LIBRARIES = YES;
				BUNDLE_LOADER = "$(TEST_HOST)";
				CODE_SIGN_STYLE = Automatic;
				INFOPLIST_FILE = "Rick&MortyTests/Info.plist";
				IPHONEOS_DEPLOYMENT_TARGET = 13.6;
				LD_RUNPATH_SEARCH_PATHS = (
					"$(inherited)",
					"@executable_path/Frameworks",
					"@loader_path/Frameworks",
				);
				PRODUCT_BUNDLE_IDENTIFIER = "daniel.avila.Rick-MortyTests";
				PRODUCT_NAME = "$(TARGET_NAME)";
				SWIFT_VERSION = 5.0;
				TARGETED_DEVICE_FAMILY = "1,2";
				TEST_HOST = "$(BUILT_PRODUCTS_DIR)/Rick&Morty.app/Rick&Morty";
			};
			name = Release;
		};
		706BF84824D2D5F8008751B6 /* Debug */ = {
			isa = XCBuildConfiguration;
			baseConfigurationReference = 9F3D9C7A8A202D6799B15288 /* Pods-Rick&Morty-Rick&MortyUITests.debug.xcconfig */;
			buildSettings = {
				ALWAYS_EMBED_SWIFT_STANDARD_LIBRARIES = YES;
				CODE_SIGN_STYLE = Automatic;
				INFOPLIST_FILE = "Rick&MortyUITests/Info.plist";
				LD_RUNPATH_SEARCH_PATHS = (
					"$(inherited)",
					"@executable_path/Frameworks",
					"@loader_path/Frameworks",
				);
				PRODUCT_BUNDLE_IDENTIFIER = "daniel.avila.Rick-MortyUITests";
				PRODUCT_NAME = "$(TARGET_NAME)";
				SWIFT_VERSION = 5.0;
				TARGETED_DEVICE_FAMILY = "1,2";
				TEST_TARGET_NAME = "Rick&Morty";
			};
			name = Debug;
		};
		706BF84924D2D5F8008751B6 /* Release */ = {
			isa = XCBuildConfiguration;
			baseConfigurationReference = 15A2CF0DD34DB0BB16E4F553 /* Pods-Rick&Morty-Rick&MortyUITests.release.xcconfig */;
			buildSettings = {
				ALWAYS_EMBED_SWIFT_STANDARD_LIBRARIES = YES;
				CODE_SIGN_STYLE = Automatic;
				INFOPLIST_FILE = "Rick&MortyUITests/Info.plist";
				LD_RUNPATH_SEARCH_PATHS = (
					"$(inherited)",
					"@executable_path/Frameworks",
					"@loader_path/Frameworks",
				);
				PRODUCT_BUNDLE_IDENTIFIER = "daniel.avila.Rick-MortyUITests";
				PRODUCT_NAME = "$(TARGET_NAME)";
				SWIFT_VERSION = 5.0;
				TARGETED_DEVICE_FAMILY = "1,2";
				TEST_TARGET_NAME = "Rick&Morty";
			};
			name = Release;
		};
/* End XCBuildConfiguration section */

/* Begin XCConfigurationList section */
		706BF80F24D2D5F8008751B6 /* Build configuration list for PBXProject "Rick&Morty" */ = {
			isa = XCConfigurationList;
			buildConfigurations = (
				706BF83F24D2D5F8008751B6 /* Debug */,
				706BF84024D2D5F8008751B6 /* Release */,
			);
			defaultConfigurationIsVisible = 0;
			defaultConfigurationName = Release;
		};
		706BF84124D2D5F8008751B6 /* Build configuration list for PBXNativeTarget "Rick&Morty" */ = {
			isa = XCConfigurationList;
			buildConfigurations = (
				706BF84224D2D5F8008751B6 /* Debug */,
				706BF84324D2D5F8008751B6 /* Release */,
			);
			defaultConfigurationIsVisible = 0;
			defaultConfigurationName = Release;
		};
		706BF84424D2D5F8008751B6 /* Build configuration list for PBXNativeTarget "Rick&MortyTests" */ = {
			isa = XCConfigurationList;
			buildConfigurations = (
				706BF84524D2D5F8008751B6 /* Debug */,
				706BF84624D2D5F8008751B6 /* Release */,
			);
			defaultConfigurationIsVisible = 0;
			defaultConfigurationName = Release;
		};
		706BF84724D2D5F8008751B6 /* Build configuration list for PBXNativeTarget "Rick&MortyUITests" */ = {
			isa = XCConfigurationList;
			buildConfigurations = (
				706BF84824D2D5F8008751B6 /* Debug */,
				706BF84924D2D5F8008751B6 /* Release */,
			);
			defaultConfigurationIsVisible = 0;
			defaultConfigurationName = Release;
		};
/* End XCConfigurationList section */

/* Begin XCVersionGroup section */
		706BF82024D2D5F8008751B6 /* Rick_Morty.xcdatamodeld */ = {
			isa = XCVersionGroup;
			children = (
				706BF82124D2D5F8008751B6 /* Rick_Morty.xcdatamodel */,
			);
			currentVersion = 706BF82124D2D5F8008751B6 /* Rick_Morty.xcdatamodel */;
			path = Rick_Morty.xcdatamodeld;
			sourceTree = "<group>";
			versionGroupType = wrapper.xcdatamodel;
		};
/* End XCVersionGroup section */
	};
	rootObject = 706BF80C24D2D5F8008751B6 /* Project object */;
}
